{
  "nodes": {
    "aurora-nixpkgs": {
      "locked": {
        "lastModified": 1779105533,
        "narHash": "sha256-8K0KwX+MDalFLl5zCNJ48tAxv1vXjpdMc5nFEMoWKis=",
        "owner": "sempiternal-aurora",
        "repo": "nixpkgs",
        "rev": "3adba67682a82616588ba60bc6627f3e64536959",
        "type": "github"
      },
      "original": {
        "owner": "sempiternal-aurora",
        "ref": "stm32cubeide",
        "repo": "nixpkgs",
        "type": "github"
      }
    },
    "cachyos-kernel": {
      "flake": false,
      "locked": {
        "lastModified": 1779553635,
        "narHash": "sha256-ar7KGDmSmGQlKWH4aHC61K+VFxu1wxA/HcgIBDxHwOQ=",
        "owner": "CachyOS",
        "repo": "linux-cachyos",
        "rev": "f2c7d18505bc35a89a8d5fcab25671168684e7dd",
        "type": "github"
      },
      "original": {
        "owner": "CachyOS",
        "repo": "linux-cachyos",
        "type": "github"
      }
    },
    "cachyos-kernel-patches": {
      "flake": false,
      "locked": {
        "lastModified": 1779553556,
        "narHash": "sha256-5SdIKosgsscCVS16RO2OjH+LK9dq6aDWDIl3ra7W95U=",
        "owner": "CachyOS",
        "repo": "kernel-patches",
        "rev": "f1cddb07bac67a19df1d72b51c8e0f33f9fd46e4",
        "type": "github"
      },
      "original": {
        "owner": "CachyOS",
        "repo": "kernel-patches",
        "type": "github"
      }
    },
    "doomemacs": {
      "flake": false,
      "locked": {
        "lastModified": 1778912845,
        "narHash": "sha256-xqEHbI9FBNjrmIIL3VSwCwDWpgtTdDpto/9P9iQWRm8=",
        "owner": "doomemacs",
        "repo": "doomemacs",
        "rev": "c2ff579a28ecfec90c343417bc04b2a9569d9ed7",
        "type": "github"
      },
      "original": {
        "owner": "doomemacs",
        "repo": "doomemacs",
        "type": "github"
      }
    },
    "emacs-overlay": {
      "inputs": {
        "nixpkgs": [
          "nix-doom-emacs"
        ],
        "nixpkgs-stable": [
          "nix-doom-emacs"
        ]
      },
      "locked": {
        "lastModified": 1779447150,
        "narHash": "sha256-QT+H65t+XI/ZHYatxltBjtXHKI7O/TPoXYTxji9R1Yg=",
        "owner": "nix-community",
        "repo": "emacs-overlay",
        "rev": "208caf9d4983f881252fc0cfd2f586d10a04a1a4",
        "type": "github"
      },
      "original": {
        "owner": "nix-community",
        "repo": "emacs-overlay",
        "type": "github"
      }
    },
    "flake-compat": {
      "flake": false,
      "locked": {
        "lastModified": 1767039857,
        "narHash": "sha256-vNpUSpF5Nuw8xvDLj2KCwwksIbjua2LZCqhV1LNRDns=",
        "owner": "NixOS",
        "repo": "flake-compat",
        "rev": "5edf11c44bc78a0d334f6334cdaf7d60d732daab",
        "type": "github"
      },
      "original": {
        "owner": "NixOS",
        "repo": "flake-compat",
        "type": "github"
      }
    },
    "flake-compat_2": {
      "locked": {
        "lastModified": 1761640442,
        "narHash": "sha256-AtrEP6Jmdvrqiv4x2xa5mrtaIp3OEe8uBYCDZDS+hu8=",
        "owner": "nix-community",
        "repo": "flake-compat",
        "rev": "4a56054d8ffc173222d09dad23adf4ba946c8884",
        "type": "github"
      },
      "original": {
        "owner": "nix-community",
        "repo": "flake-compat",
        "type": "github"
      }
    },
    "flake-parts": {
      "inputs": {
        "nixpkgs-lib": "nixpkgs-lib"
      },
      "locked": {
        "lastModified": 1778716662,
        "narHash": "sha256-m1Yf0wZ8j1OHjTc2UwHwyQRSnNeSgLJOd7q5Y45hzi4=",
        "owner": "hercules-ci",
        "repo": "flake-parts",
        "rev": "f7c1a2d347e4c52d5fb8d10cb4d94b5884e546fb",
        "type": "github"
      },
      "original": {
        "owner": "hercules-ci",
        "repo": "flake-parts",
        "type": "github"
      }
    },
    "home-manager": {
      "inputs": {
        "nixpkgs": [
          "nixpkgs"
        ]
      },
      "locked": {
        "lastModified": 1779580960,
        "narHash": "sha256-/EG2rRahtxdoKKzGPGqaymVB96kBBYhygatEAbsoqaM=",
        "owner": "nix-community",
        "repo": "home-manager",
        "rev": "6e92bf094d45bc33d754e2b0f75d9ca1827cc363",
        "type": "github"
      },
      "original": {
        "owner": "nix-community",
        "repo": "home-manager",
        "type": "github"
      }
    },
    "nix-cachyos-kernel": {
      "inputs": {
        "cachyos-kernel": [
          "cachyos-kernel"
        ],
        "cachyos-kernel-patches": [
          "cachyos-kernel-patches"
        ],
        "flake-compat": "flake-compat",
        "flake-parts": "flake-parts",
        "nixpkgs": [
          "nixpkgs"
        ]
      },
      "locked": {
        "lastModified": 1779561456,
        "narHash": "sha256-JmGximP+xLDpnRAS57yTtdxzciSMrnUMhyF8JOf6rq4=",
        "owner": "xddxdd",
        "repo": "nix-cachyos-kernel",
        "rev": "32377520b67a18fa2258a4a18f02b341339093ca",
        "type": "github"
      },
      "original": {
        "owner": "xddxdd",
        "repo": "nix-cachyos-kernel",
        "type": "github"
      }
    },
    "nix-darwin": {
      "inputs": {
        "nixpkgs": [
          "nixpkgs"
        ]
      },
      "locked": {
        "lastModified": 1779036909,
        "narHash": "sha256-zXcwYQGCT6pzinK+1dBB2ekTVtfxGZAapb3Evdcu4fY=",
        "owner": "nix-darwin",
        "repo": "nix-darwin",
        "rev": "56c666e108467d87d13508936aade6d567f2a501",
        "type": "github"
      },
      "original": {
        "owner": "nix-darwin",
        "repo": "nix-darwin",
        "type": "github"
      }
    },
    "nix-doom-emacs": {
      "inputs": {
        "doomemacs": "doomemacs",
        "emacs-overlay": "emacs-overlay",
        "nixpkgs": [
          "nixpkgs"
        ],
        "systems": "systems"
      },
      "locked": {
        "lastModified": 1779448813,
        "narHash": "sha256-JzJsiNmoSzfmTigGDW4HGcLAdlpYIfdwSbYlL1qcPsw=",
        "owner": "marienz",
        "repo": "nix-doom-emacs-unstraightened",
        "rev": "3f65af65338424f0f203b2aa1fca39b1a4988582",
        "type": "github"
      },
      "original": {
        "owner": "marienz",
        "repo": "nix-doom-emacs-unstraightened",
        "type": "github"
      }
    },
    "nix-index-database": {
      "inputs": {
        "nixpkgs": [
          "nixpkgs"
        ]
      },
      "locked": {
        "lastModified": 1778999127,
        "narHash": "sha256-V5GquqJvAqwFTcpN6hxKSQAtwuJFRUEHmyNKbeaTQDg=",
        "owner": "nix-community",
        "repo": "nix-index-database",
        "rev": "f680e0d3c1dbefe298c423691662e238496890f2",
        "type": "github"
      },
      "original": {
        "owner": "nix-community",
        "repo": "nix-index-database",
        "type": "github"
      }
    },
    "nixos-apple-silicon": {
      "inputs": {
        "flake-compat": "flake-compat_2",
        "nixpkgs": "nixpkgs"
      },
      "locked": {
        "lastModified": 1778870876,
        "narHash": "sha256-FsTwais91g156U35ALDU9vztk9Ko+ujVLyR3M2EFDbs=",
        "owner": "Solidsilver",
        "repo": "nixos-apple-silicon",
        "rev": "be8ac568330570f7e59af23c1b49c34a2cf8ccd3",
        "type": "github"
      },
      "original": {
        "owner": "Solidsilver",
        "ref": "feat/vendorfw-support",
        "repo": "nixos-apple-silicon",
        "type": "github"
      }
    },
    "nixos-hardware": {
      "locked": {
        "lastModified": 1779258371,
        "narHash": "sha256-j1iZsLy6oFApqR1oiDmHhvkwxXqcNi0aoSJj643LuwU=",
        "owner": "NixOS",
        "repo": "nixos-hardware",
        "rev": "c97bc4d15bd3473dd095e8e8ba57330ab1943a77",
        "type": "github"
      },
      "original": {
        "owner": "NixOS",
        "repo": "nixos-hardware",
        "type": "github"
      }
    },
    "nixpkgs": {
      "locked": {
        "lastModified": 1777578337,
        "narHash": "sha256-Ad49moKWeXtKBJNy2ebiTQUEgdLyvGmTeykAQ9xM+Z4=",
        "owner": "NixOS",
        "repo": "nixpkgs",
        "rev": "15f4ee454b1dce334612fa6843b3e05cf546efab",
        "type": "github"
      },
      "original": {
        "owner": "NixOS",
        "ref": "nixos-unstable",
        "repo": "nixpkgs",
        "type": "github"
      }
    },
    "nixpkgs-lib": {
      "locked": {
        "lastModified": 1777168982,
        "narHash": "sha256-GOkGPcboWE9BmGCRMLX3worL4EMnsnG8MyKmXNeYuhQ=",
        "owner": "nix-community",
        "repo": "nixpkgs.lib",
        "rev": "f5901329dade4a6ea039af1433fb087bd9c1fe14",
        "type": "github"
      },
      "original": {
        "owner": "nix-community",
        "repo": "nixpkgs.lib",
        "type": "github"
      }
    },
    "nixpkgs_2": {
      "locked": {
        "lastModified": 1779508470,
        "narHash": "sha256-Ap9KJX+5xHIn3bPIpfNgT6MEXdAECECwo4/rmlQD74M=",
        "owner": "NixOS",
        "repo": "nixpkgs",
        "rev": "29916453413845e54a65b8a1cf996842300cd299",
        "type": "github"
      },
      "original": {
        "owner": "NixOS",
        "ref": "nixos-unstable",
        "repo": "nixpkgs",
        "type": "github"
      }
    },
    "root": {
      "inputs": {
        "aurora-nixpkgs": "aurora-nixpkgs",
        "cachyos-kernel": "cachyos-kernel",
        "cachyos-kernel-patches": "cachyos-kernel-patches",
        "home-manager": "home-manager",
        "nix-cachyos-kernel": "nix-cachyos-kernel",
        "nix-darwin": "nix-darwin",
        "nix-doom-emacs": "nix-doom-emacs",
        "nix-index-database": "nix-index-database",
        "nixos-apple-silicon": "nixos-apple-silicon",
        "nixos-hardware": "nixos-hardware",
        "nixpkgs": "nixpkgs_2",
        "textfox": "textfox"
      }
    },
    "systems": {
      "locked": {
        "lastModified": 1681028828,
        "narHash": "sha256-Vy1rq5AaRuLzOxct8nz4T6wlgyUR7zLU309k9mBC768=",
        "owner": "nix-systems",
        "repo": "default",
        "rev": "da67096a3b9bf56a91d16901293e51ba5b49a27e",
        "type": "github"
      },
      "original": {
        "owner": "nix-systems",
        "repo": "default",
        "type": "github"
      }
    },
    "textfox": {
      "inputs": {
        "nixpkgs": [
          "nixpkgs"
        ]
      },
      "locked": {
        "lastModified": 1779396425,
        "narHash": "sha256-fmD00QbngQE3UJBWci7h//U7ffwywV2ASBh/phPeNhg=",
        "owner": "adriankarlen",
        "repo": "textfox",
        "rev": "ad6787bb9a01cbfdc94fd6419974f64068be5307",
        "type": "github"
      },
      "original": {
        "owner": "adriankarlen",
        "repo": "textfox",
        "type": "github"
      }
    }
  },
  "root": "root",
  "version": 7
}
