{
  "nodes": {
    "aurora-nixpkgs": {
      "locked": {
        "lastModified": 1780291037,
        "narHash": "sha256-2YgkaFO2g2vQziV8D+NG6Wlp7ksZEr6AB1N6pnjezhI=",
        "owner": "sempiternal-aurora",
        "repo": "nixpkgs",
        "rev": "31ce1fdcf7ada8e43ceafe27c31fd8d51f908b0a",
        "type": "github"
      },
      "original": {
        "owner": "sempiternal-aurora",
        "ref": "stm32cubeide",
        "repo": "nixpkgs",
        "type": "github"
      }
    },
    "cachyos-kernel": {
      "flake": false,
      "locked": {
        "lastModified": 1780332067,
        "narHash": "sha256-E56McUQSghdgIMNPGYuUpMPga45PDqykH1EVuiSUY7E=",
        "owner": "CachyOS",
        "repo": "linux-cachyos",
        "rev": "3b72c4b13a0e56fb32bcaa04586e0f04d4db7ec6",
        "type": "github"
      },
      "original": {
        "owner": "CachyOS",
        "repo": "linux-cachyos",
        "type": "github"
      }
    },
    "cachyos-kernel-patches": {
      "flake": false,
      "locked": {
        "lastModified": 1779996637,
        "narHash": "sha256-DcA59mHfCUfbr7EtH9YJUb3t62TcyXwC/I0QMyUs1bo=",
        "owner": "CachyOS",
        "repo": "kernel-patches",
        "rev": "b87558b7c865628c48c1d6ff5c827b9df40e9281",
        "type": "github"
      },
      "original": {
        "owner": "CachyOS",
        "repo": "kernel-patches",
        "type": "github"
      }
    },
    "doomemacs": {
      "flake": false,
      "locked": {
        "lastModified": 1780285825,
        "narHash": "sha256-XTUNmp7E/WFWifAarc32SSzuQkUTrGncdCPrXUpJUXU=",
        "owner": "doomemacs",
        "repo": "doomemacs",
        "rev": "1d7a94b96b4410a3747ec579c728a79413379e64",
        "type": "github"
      },
      "original": {
        "owner": "doomemacs",
        "repo": "doomemacs",
        "type": "github"
      }
    },
    "emacs-overlay": {
      "inputs": {
        "nixpkgs": [
          "nix-doom-emacs"
        ],
        "nixpkgs-stable": [
          "nix-doom-emacs"
        ]
      },
      "locked": {
        "lastModified": 1780321080,
        "narHash": "sha256-bXvsv/E66GXnuU1rjRLP0zVmk22Yd3p/VCRPMrSJ8gM=",
        "owner": "nix-community",
        "repo": "emacs-overlay",
        "rev": "582cc5c014d7f0bbe199693bbad4b2cf1363656c",
        "type": "github"
      },
      "original": {
        "owner": "nix-community",
        "repo": "emacs-overlay",
        "type": "github"
      }
    },
    "flake-compat": {
      "flake": false,
      "locked": {
        "lastModified": 1767039857,
        "narHash": "sha256-vNpUSpF5Nuw8xvDLj2KCwwksIbjua2LZCqhV1LNRDns=",
        "owner": "NixOS",
        "repo": "flake-compat",
        "rev": "5edf11c44bc78a0d334f6334cdaf7d60d732daab",
        "type": "github"
      },
      "original": {
        "owner": "NixOS",
        "repo": "flake-compat",
        "type": "github"
      }
    },
    "flake-compat_2": {
      "locked": {
        "lastModified": 1761640442,
        "narHash": "sha256-AtrEP6Jmdvrqiv4x2xa5mrtaIp3OEe8uBYCDZDS+hu8=",
        "owner": "nix-community",
        "repo": "flake-compat",
        "rev": "4a56054d8ffc173222d09dad23adf4ba946c8884",
        "type": "github"
      },
      "original": {
        "owner": "nix-community",
        "repo": "flake-compat",
        "type": "github"
      }
    },
    "flake-parts": {
      "inputs": {
        "nixpkgs-lib": "nixpkgs-lib"
      },
      "locked": {
        "lastModified": 1778716662,
        "narHash": "sha256-m1Yf0wZ8j1OHjTc2UwHwyQRSnNeSgLJOd7q5Y45hzi4=",
        "owner": "hercules-ci",
        "repo": "flake-parts",
        "rev": "f7c1a2d347e4c52d5fb8d10cb4d94b5884e546fb",
        "type": "github"
      },
      "original": {
        "owner": "hercules-ci",
        "repo": "flake-parts",
        "type": "github"
      }
    },
    "home-manager": {
      "inputs": {
        "nixpkgs": [
          "nixpkgs"
        ]
      },
      "locked": {
        "lastModified": 1780370888,
        "narHash": "sha256-PRJj9RKTEf/sITycujP1c/BrvLJKMYXzcpwTsXNulXQ=",
        "owner": "nix-community",
        "repo": "home-manager",
        "rev": "a7a415883195ffbd4dabec8f098f201e6eaaadf8",
        "type": "github"
      },
      "original": {
        "owner": "nix-community",
        "repo": "home-manager",
        "type": "github"
      }
    },
    "nix-cachyos-kernel": {
      "inputs": {
        "cachyos-kernel": [
          "cachyos-kernel"
        ],
        "cachyos-kernel-patches": [
          "cachyos-kernel-patches"
        ],
        "flake-compat": "flake-compat",
        "flake-parts": "flake-parts",
        "nixpkgs": [
          "nixpkgs"
        ]
      },
      "locked": {
        "lastModified": 1780348152,
        "narHash": "sha256-zxT3srKX4Z912Nkxdqqw+mMjroL8jQ1LlSOPbMkRnWo=",
        "owner": "xddxdd",
        "repo": "nix-cachyos-kernel",
        "rev": "b240fa5983f987f516b150662aedfbf6d7e3b7c8",
        "type": "github"
      },
      "original": {
        "owner": "xddxdd",
        "repo": "nix-cachyos-kernel",
        "type": "github"
      }
    },
    "nix-darwin": {
      "inputs": {
        "nixpkgs": [
          "nixpkgs"
        ]
      },
      "locked": {
        "lastModified": 1779036909,
        "narHash": "sha256-zXcwYQGCT6pzinK+1dBB2ekTVtfxGZAapb3Evdcu4fY=",
        "owner": "nix-darwin",
        "repo": "nix-darwin",
        "rev": "56c666e108467d87d13508936aade6d567f2a501",
        "type": "github"
      },
      "original": {
        "owner": "nix-darwin",
        "repo": "nix-darwin",
        "type": "github"
      }
    },
    "nix-doom-emacs": {
      "inputs": {
        "doomemacs": "doomemacs",
        "emacs-overlay": "emacs-overlay",
        "nixpkgs": [
          "nixpkgs"
        ],
        "systems": "systems"
      },
      "locked": {
        "lastModified": 1780321637,
        "narHash": "sha256-jrrjjLAs8lUAJdUiq1MuJo9GQ6FaM8wiImsRsVi+i18=",
        "owner": "marienz",
        "repo": "nix-doom-emacs-unstraightened",
        "rev": "ea580c468d7528f2c3911640e73883bd4e4defb1",
        "type": "github"
      },
      "original": {
        "owner": "marienz",
        "repo": "nix-doom-emacs-unstraightened",
        "type": "github"
      }
    },
    "nix-index-database": {
      "inputs": {
        "nixpkgs": [
          "nixpkgs"
        ]
      },
      "locked": {
        "lastModified": 1780210899,
        "narHash": "sha256-4axz3OBPTKa6LIkXV8n0lc63MQU+et2CB5DGobEAi6k=",
        "owner": "nix-community",
        "repo": "nix-index-database",
        "rev": "97df9dc0b7c924344b793a15c1e8e4522ebb854e",
        "type": "github"
      },
      "original": {
        "owner": "nix-community",
        "repo": "nix-index-database",
        "type": "github"
      }
    },
    "nixos-apple-silicon": {
      "inputs": {
        "flake-compat": "flake-compat_2",
        "nixpkgs": "nixpkgs"
      },
      "locked": {
        "lastModified": 1780238580,
        "narHash": "sha256-64b//DfRdTajIPn/FTwy6KzsmqYUZHr3qLxWig5TwlQ=",
        "owner": "Solidsilver",
        "repo": "nixos-apple-silicon",
        "rev": "637c61563d5e6087960773026c0b0f6228b6361c",
        "type": "github"
      },
      "original": {
        "owner": "Solidsilver",
        "ref": "feat/vendorfw-support",
        "repo": "nixos-apple-silicon",
        "type": "github"
      }
    },
    "nixos-hardware": {
      "inputs": {
        "nixpkgs": [
          "nixpkgs"
        ]
      },
      "locked": {
        "lastModified": 1780310866,
        "narHash": "sha256-fPBRVf6A5xlACYcOI59shGrjURuvwu0lRsDoSCEXt/I=",
        "owner": "NixOS",
        "repo": "nixos-hardware",
        "rev": "4ed851c979641e28597a05086332d75cdc9e395f",
        "type": "github"
      },
      "original": {
        "owner": "NixOS",
        "repo": "nixos-hardware",
        "type": "github"
      }
    },
    "nixpkgs": {
      "locked": {
        "lastModified": 1779508470,
        "narHash": "sha256-Ap9KJX+5xHIn3bPIpfNgT6MEXdAECECwo4/rmlQD74M=",
        "owner": "NixOS",
        "repo": "nixpkgs",
        "rev": "29916453413845e54a65b8a1cf996842300cd299",
        "type": "github"
      },
      "original": {
        "owner": "NixOS",
        "ref": "nixos-unstable",
        "repo": "nixpkgs",
        "type": "github"
      }
    },
    "nixpkgs-lib": {
      "locked": {
        "lastModified": 1777168982,
        "narHash": "sha256-GOkGPcboWE9BmGCRMLX3worL4EMnsnG8MyKmXNeYuhQ=",
        "owner": "nix-community",
        "repo": "nixpkgs.lib",
        "rev": "f5901329dade4a6ea039af1433fb087bd9c1fe14",
        "type": "github"
      },
      "original": {
        "owner": "nix-community",
        "repo": "nixpkgs.lib",
        "type": "github"
      }
    },
    "nixpkgs_2": {
      "locked": {
        "lastModified": 1780243769,
        "narHash": "sha256-x5UQuRsH3MqI0U9afaXSNqzTPSeZlRLvFAav2Ux1pNw=",
        "owner": "NixOS",
        "repo": "nixpkgs",
        "rev": "331800de5053fcebacf6813adb5db9c9dca22a0c",
        "type": "github"
      },
      "original": {
        "owner": "NixOS",
        "ref": "nixos-unstable",
        "repo": "nixpkgs",
        "type": "github"
      }
    },
    "root": {
      "inputs": {
        "aurora-nixpkgs": "aurora-nixpkgs",
        "cachyos-kernel": "cachyos-kernel",
        "cachyos-kernel-patches": "cachyos-kernel-patches",
        "home-manager": "home-manager",
        "nix-cachyos-kernel": "nix-cachyos-kernel",
        "nix-darwin": "nix-darwin",
        "nix-doom-emacs": "nix-doom-emacs",
        "nix-index-database": "nix-index-database",
        "nixos-apple-silicon": "nixos-apple-silicon",
        "nixos-hardware": "nixos-hardware",
        "nixpkgs": "nixpkgs_2",
        "textfox": "textfox"
      }
    },
    "systems": {
      "locked": {
        "lastModified": 1681028828,
        "narHash": "sha256-Vy1rq5AaRuLzOxct8nz4T6wlgyUR7zLU309k9mBC768=",
        "owner": "nix-systems",
        "repo": "default",
        "rev": "da67096a3b9bf56a91d16901293e51ba5b49a27e",
        "type": "github"
      },
      "original": {
        "owner": "nix-systems",
        "repo": "default",
        "type": "github"
      }
    },
    "textfox": {
      "inputs": {
        "nixpkgs": [
          "nixpkgs"
        ]
      },
      "locked": {
        "lastModified": 1779792099,
        "narHash": "sha256-HF5M0dr96kDPLS8ebRCG/YZglsKZZdvAhGIAf+lGUiU=",
        "owner": "adriankarlen",
        "repo": "textfox",
        "rev": "2c35f1f04e6283d37b199f318874c57f7d37ef6a",
        "type": "github"
      },
      "original": {
        "owner": "adriankarlen",
        "repo": "textfox",
        "type": "github"
      }
    }
  },
  "root": "root",
  "version": 7
}
